
Microsoft Visual Studio Solution File, Format Version 12.00
# Visual Studio Version 17
VisualStudioVersion = 17.9.34728.123
MinimumVisualStudioVersion = 10.0.40219.1
Project("{9A19103F-16F7-4668-BE54-9A1E7A4F7556}") = "BusinessObjects", "..\HotelManagement\BusinessObjects\BusinessObjects.csproj", "{D7EED415-670D-49EB-AFA9-3F3350F7AD9D}"
EndProject
Project("{9A19103F-16F7-4668-BE54-9A1E7A4F7556}") = "DataAccessLayer", "..\HotelManagement\DataAccessLayer\DataAccessLayer.csproj", "{3FE798E3-A05C-4C27-9863-7FCD98E2C3F4}"
EndProject
Project("{9A19103F-16F7-4668-BE54-9A1E7A4F7556}") = "Repository", "..\HotelManagement\Repository\Repository.csproj", "{EED05A64-BF18-4C29-9C6B-B0C0EA0A77EB}"
EndProject
Project("{9A19103F-16F7-4668-BE54-9A1E7A4F7556}") = "Service", "..\HotelManagement\Service\Service.csproj", "{0AE62E62-6B1E-47AC-9392-A8D648F22372}"
EndProject
Project("{9A19103F-16F7-4668-BE54-9A1E7A4F7556}") = "HotelManagement", "HotelManagement\HotelManagement.csproj", "{F57F2FEE-98A9-4901-AD68-A2D885DA08FF}"
EndProject
Global
	GlobalSection(SolutionConfigurationPlatforms) = preSolution
		Debug|Any CPU = Debug|Any CPU
		Release|Any CPU = Release|Any CPU
	EndGlobalSection
	GlobalSection(ProjectConfigurationPlatforms) = postSolution
		{D7EED415-670D-49EB-AFA9-3F3350F7AD9D}.Debug|Any CPU.ActiveCfg = Debug|Any CPU
		{D7EED415-670D-49EB-AFA9-3F3350F7AD9D}.Debug|Any CPU.Build.0 = Debug|Any CPU
		{D7EED415-670D-49EB-AFA9-3F3350F7AD9D}.Release|Any CPU.ActiveCfg = Release|Any CPU
		{D7EED415-670D-49EB-AFA9-3F3350F7AD9D}.Release|Any CPU.Build.0 = Release|Any CPU
		{3FE798E3-A05C-4C27-9863-7FCD98E2C3F4}.Debug|Any CPU.ActiveCfg = Debug|Any CPU
		{3FE798E3-A05C-4C27-9863-7FCD98E2C3F4}.Debug|Any CPU.Build.0 = Debug|Any CPU
		{3FE798E3-A05C-4C27-9863-7FCD98E2C3F4}.Release|Any CPU.ActiveCfg = Release|Any CPU
		{3FE798E3-A05C-4C27-9863-7FCD98E2C3F4}.Release|Any CPU.Build.0 = Release|Any CPU
		{EED05A64-BF18-4C29-9C6B-B0C0EA0A77EB}.Debug|Any CPU.ActiveCfg = Debug|Any CPU
		{EED05A64-BF18-4C29-9C6B-B0C0EA0A77EB}.Debug|Any CPU.Build.0 = Debug|Any CPU
		{EED05A64-BF18-4C29-9C6B-B0C0EA0A77EB}.Release|Any CPU.ActiveCfg = Release|Any CPU
		{EED05A64-BF18-4C29-9C6B-B0C0EA0A77EB}.Release|Any CPU.Build.0 = Release|Any CPU
		{0AE62E62-6B1E-47AC-9392-A8D648F22372}.Debug|Any CPU.ActiveCfg = Debug|Any CPU
		{0AE62E62-6B1E-47AC-9392-A8D648F22372}.Debug|Any CPU.Build.0 = Debug|Any CPU
		{0AE62E62-6B1E-47AC-9392-A8D648F22372}.Release|Any CPU.ActiveCfg = Release|Any CPU
		{0AE62E62-6B1E-47AC-9392-A8D648F22372}.Release|Any CPU.Build.0 = Release|Any CPU
		{F57F2FEE-98A9-4901-AD68-A2D885DA08FF}.Debug|Any CPU.ActiveCfg = Debug|Any CPU
		{F57F2FEE-98A9-4901-AD68-A2D885DA08FF}.Debug|Any CPU.Build.0 = Debug|Any CPU
		{F57F2FEE-98A9-4901-AD68-A2D885DA08FF}.Release|Any CPU.ActiveCfg = Release|Any CPU
		{F57F2FEE-98A9-4901-AD68-A2D885DA08FF}.Release|Any CPU.Build.0 = Release|Any CPU
	EndGlobalSection
	GlobalSection(SolutionProperties) = preSolution
		HideSolutionNode = FALSE
	EndGlobalSection
	GlobalSection(ExtensibilityGlobals) = postSolution
		SolutionGuid = {6758A125-A44B-4104-83C1-D310B4FD9AE5}
	EndGlobalSection
EndGlobal
